
Microsoft Visual Studio Solution File, Format Version 12.00
# Visual Studio Version 16
VisualStudioVersion = 16.0.29306.81
MinimumVisualStudioVersion = 10.0.40219.1
Project("{FAE04EC0-301F-11D3-BF4B-00C04F79EFBC}") = "beakovicPaoloVjezbaPetlje", "beakovicPaoloVjezbaPetlje\beakovicPaoloVjezbaPetlje.csproj", "{90815544-62E2-479F-92B3-F9D14FEBA17B}"
EndProject
Global
	GlobalSection(SolutionConfigurationPlatforms) = preSolution
		Debug|Any CPU = Debug|Any CPU
		Release|Any CPU = Release|Any CPU
	EndGlobalSection
	GlobalSection(ProjectConfigurationPlatforms) = postSolution
		{90815544-62E2-479F-92B3-F9D14FEBA17B}.Debug|Any CPU.ActiveCfg = Debug|Any CPU
		{90815544-62E2-479F-92B3-F9D14FEBA17B}.Debug|Any CPU.Build.0 = Debug|Any CPU
		{90815544-62E2-479F-92B3-F9D14FEBA17B}.Release|Any CPU.ActiveCfg = Release|Any CPU
		{90815544-62E2-479F-92B3-F9D14FEBA17B}.Release|Any CPU.Build.0 = Release|Any CPU
	EndGlobalSection
	GlobalSection(SolutionProperties) = preSolution
		HideSolutionNode = FALSE
	EndGlobalSection
	GlobalSection(ExtensibilityGlobals) = postSolution
		SolutionGuid = {961951A5-FF1A-433E-8152-6E6CF19CA8A8}
	EndGlobalSection
EndGlobal
